
Microsoft Visual Studio Solution File, Format Version 12.00
# Visual Studio Version 16
VisualStudioVersion = 16.0.31911.196
MinimumVisualStudioVersion = 10.0.40219.1
Project("{FAE04EC0-301F-11D3-BF4B-00C04F79EFBC}") = "LinqEdu", "LinqEdu\LinqEdu.csproj", "{90370A96-0F74-4E70-B719-6F55433BE957}"
EndProject
Project("{FAE04EC0-301F-11D3-BF4B-00C04F79EFBC}") = "Reflection", "Reflection\Reflection.csproj", "{901D10D5-EAB1-4BCF-8B7E-79FF1C407FDA}"
EndProject
Global
	GlobalSection(SolutionConfigurationPlatforms) = preSolution
		Debug|Any CPU = Debug|Any CPU
		Release|Any CPU = Release|Any CPU
	EndGlobalSection
	GlobalSection(ProjectConfigurationPlatforms) = postSolution
		{90370A96-0F74-4E70-B719-6F55433BE957}.Debug|Any CPU.ActiveCfg = Debug|Any CPU
		{90370A96-0F74-4E70-B719-6F55433BE957}.Debug|Any CPU.Build.0 = Debug|Any CPU
		{90370A96-0F74-4E70-B719-6F55433BE957}.Release|Any CPU.ActiveCfg = Release|Any CPU
		{90370A96-0F74-4E70-B719-6F55433BE957}.Release|Any CPU.Build.0 = Release|Any CPU
		{901D10D5-EAB1-4BCF-8B7E-79FF1C407FDA}.Debug|Any CPU.ActiveCfg = Debug|Any CPU
		{901D10D5-EAB1-4BCF-8B7E-79FF1C407FDA}.Debug|Any CPU.Build.0 = Debug|Any CPU
		{901D10D5-EAB1-4BCF-8B7E-79FF1C407FDA}.Release|Any CPU.ActiveCfg = Release|Any CPU
		{901D10D5-EAB1-4BCF-8B7E-79FF1C407FDA}.Release|Any CPU.Build.0 = Release|Any CPU
	EndGlobalSection
	GlobalSection(SolutionProperties) = preSolution
		HideSolutionNode = FALSE
	EndGlobalSection
	GlobalSection(ExtensibilityGlobals) = postSolution
		SolutionGuid = {0F177352-58E8-4EA2-8893-36ADC3607C61}
	EndGlobalSection
EndGlobal
